
Microsoft Visual Studio Solution File, Format Version 12.00
# Visual Studio Version 17
VisualStudioVersion = 17.7.34031.279
MinimumVisualStudioVersion = 10.0.40219.1
Project("{2150E333-8FDC-42A3-9474-1A3956D46DE8}") = "Services", "Services", "{541275F1-0057-4F2B-89AC-FABE2203ECB3}"
EndProject
Project("{2150E333-8FDC-42A3-9474-1A3956D46DE8}") = "Catalog", "Catalog", "{0BEA46FC-A60F-457C-A4F9-0B5116109D4F}"
EndProject
Project("{2150E333-8FDC-42A3-9474-1A3956D46DE8}") = "Çözüm Öğeleri", "Çözüm Öğeleri", "{F262F098-3603-43BA-988E-19906BC4C305}"
	ProjectSection(SolutionItems) = preProject
		ports.txt = ports.txt
	EndProjectSection
EndProject
Project("{2150E333-8FDC-42A3-9474-1A3956D46DE8}") = "IdentityServer", "IdentityServer", "{BD7379B4-64BA-4AEC-87CE-DF6711A35A77}"
EndProject
Project("{9A19103F-16F7-4668-BE54-9A1E7A4F7556}") = "FreeCourse.IdentityServer", "IdentityServer\FreeCourse.IdentityServer\FreeCourse.IdentityServer.csproj", "{00F77730-101D-47B6-BD2B-CD2FC7E712CD}"
EndProject
Project("{2150E333-8FDC-42A3-9474-1A3956D46DE8}") = "Shared", "Shared", "{CABD359A-D224-4232-B2C2-52981DF413C3}"
EndProject
Project("{9A19103F-16F7-4668-BE54-9A1E7A4F7556}") = "FreeCourse.Shared", "Shared\FreeCourse.Shared\FreeCourse.Shared.csproj", "{90DBCD56-40B0-4988-A938-4FF323CC61A5}"
EndProject
Project("{2150E333-8FDC-42A3-9474-1A3956D46DE8}") = "PhotoStock", "PhotoStock", "{BB9665A8-70E5-442D-9381-7C2ED7E886CE}"
EndProject
Project("{9A19103F-16F7-4668-BE54-9A1E7A4F7556}") = "FreeCourse.Course.PhotoStock", "Services\PhotoStock\FreeCourse.Course.PhotoStock\FreeCourse.Course.PhotoStock.csproj", "{D9C8F1F1-2AB5-468C-94EC-6B75C5E1CF6A}"
EndProject
Project("{2150E333-8FDC-42A3-9474-1A3956D46DE8}") = "Basket", "Basket", "{F2FC0145-6EE0-4980-B94D-03C4B2F74780}"
EndProject
Project("{9A19103F-16F7-4668-BE54-9A1E7A4F7556}") = "FreeCourse.Services.Basket", "Services\Basket\FreeCourse.Services.Basket\FreeCourse.Services.Basket.csproj", "{FC8F7EC3-34A6-4951-BA0E-2F7823520BE1}"
EndProject
Project("{2150E333-8FDC-42A3-9474-1A3956D46DE8}") = "Discount", "Discount", "{FCE87468-DCE3-4A79-BCF6-89E06A9C269C}"
EndProject
Project("{9A19103F-16F7-4668-BE54-9A1E7A4F7556}") = "FreeCourse.Services.Discount", "Services\Discount\FreeCourse.Services.Discount\FreeCourse.Services.Discount.csproj", "{13474FB6-18C7-4461-8D59-CC2F33193C3F}"
EndProject
Project("{9A19103F-16F7-4668-BE54-9A1E7A4F7556}") = "FreeCourse.Services.Catalog", "Services\Catalog\FreeCourse.Services.Catalog\FreeCourse.Services.Catalog.csproj", "{384666DD-45A4-4F80-8352-84B32EE20100}"
EndProject
Project("{2150E333-8FDC-42A3-9474-1A3956D46DE8}") = "Order", "Order", "{F5CC453D-6B09-44E9-A25C-275FDFB55D6E}"
EndProject
Project("{9A19103F-16F7-4668-BE54-9A1E7A4F7556}") = "FreeCourse.Services.Order.Application", "Services\Order\FreeCourse.Services.Order.Application\FreeCourse.Services.Order.Application.csproj", "{8650B228-AD03-4BC2-B1D3-DBDA236219E9}"
EndProject
Project("{9A19103F-16F7-4668-BE54-9A1E7A4F7556}") = "FreeCourse.Services.Order.Domain", "Services\Order\FreeCourse.Services.Order.Domain\FreeCourse.Services.Order.Domain.csproj", "{856C1D52-620B-4F9E-9966-9DF5AE6150DB}"
EndProject
Project("{9A19103F-16F7-4668-BE54-9A1E7A4F7556}") = "FreeCourse.Services.Order.Domain.Core", "Services\Order\FreeCourse.Services.Order.Domain.Core\FreeCourse.Services.Order.Domain.Core.csproj", "{6EE835A0-82AB-4CD9-9901-EA8E7B6F9BF8}"
EndProject
Project("{9A19103F-16F7-4668-BE54-9A1E7A4F7556}") = "FreeCourse.Services.Order.Infrastructure", "Services\Order\FreeCourse.Services.Order.Infrastructure\FreeCourse.Services.Order.Infrastructure.csproj", "{91D49D29-41E7-48C9-A39E-D5B48D3E1DAA}"
EndProject
Project("{2150E333-8FDC-42A3-9474-1A3956D46DE8}") = "FakePayment", "FakePayment", "{7DB9A681-BA55-4DF1-99B2-8ECF05A72853}"
EndProject
Project("{9A19103F-16F7-4668-BE54-9A1E7A4F7556}") = "FreeCourse.Services.FakePayment", "Services\FakePayment\FreeCourse.Services.FakePayment\FreeCourse.Services.FakePayment.csproj", "{D49703B8-62C2-457D-9C1A-209B2DBE4F10}"
EndProject
Project("{2150E333-8FDC-42A3-9474-1A3956D46DE8}") = "Gateways", "Gateways", "{A05CE9F1-83DB-4A69-AA2D-598B31EAF97F}"
EndProject
Project("{9A19103F-16F7-4668-BE54-9A1E7A4F7556}") = "FreeCourse.Gateway", "FreeCourse.Gateway\FreeCourse.Gateway.csproj", "{97846776-BEC8-42E5-A3A9-5E17E15176CF}"
EndProject
Project("{2150E333-8FDC-42A3-9474-1A3956D46DE8}") = "Frontends", "Frontends", "{DC4DB715-5A71-4512-AE7C-9B7F371330DA}"
EndProject
Project("{9A19103F-16F7-4668-BE54-9A1E7A4F7556}") = "FreeCourse.Web", "Frontends\FreeCourse.Web\FreeCourse.Web.csproj", "{5B0000FF-FE8B-4E0A-B7D4-1D8346517BB2}"
EndProject
Project("{9A19103F-16F7-4668-BE54-9A1E7A4F7556}") = "FreeCourse.Services.Order.API", "Services\Order\FreeCourse.Services.Order.API\FreeCourse.Services.Order.API.csproj", "{0C2CB090-8D9A-46B6-A9ED-7000D998CF08}"
EndProject
Global
	GlobalSection(SolutionConfigurationPlatforms) = preSolution
		Debug|Any CPU = Debug|Any CPU
		Release|Any CPU = Release|Any CPU
	EndGlobalSection
	GlobalSection(ProjectConfigurationPlatforms) = postSolution
		{00F77730-101D-47B6-BD2B-CD2FC7E712CD}.Debug|Any CPU.ActiveCfg = Debug|Any CPU
		{00F77730-101D-47B6-BD2B-CD2FC7E712CD}.Debug|Any CPU.Build.0 = Debug|Any CPU
		{00F77730-101D-47B6-BD2B-CD2FC7E712CD}.Release|Any CPU.ActiveCfg = Release|Any CPU
		{00F77730-101D-47B6-BD2B-CD2FC7E712CD}.Release|Any CPU.Build.0 = Release|Any CPU
		{90DBCD56-40B0-4988-A938-4FF323CC61A5}.Debug|Any CPU.ActiveCfg = Debug|Any CPU
		{90DBCD56-40B0-4988-A938-4FF323CC61A5}.Debug|Any CPU.Build.0 = Debug|Any CPU
		{90DBCD56-40B0-4988-A938-4FF323CC61A5}.Release|Any CPU.ActiveCfg = Release|Any CPU
		{90DBCD56-40B0-4988-A938-4FF323CC61A5}.Release|Any CPU.Build.0 = Release|Any CPU
		{D9C8F1F1-2AB5-468C-94EC-6B75C5E1CF6A}.Debug|Any CPU.ActiveCfg = Debug|Any CPU
		{D9C8F1F1-2AB5-468C-94EC-6B75C5E1CF6A}.Debug|Any CPU.Build.0 = Debug|Any CPU
		{D9C8F1F1-2AB5-468C-94EC-6B75C5E1CF6A}.Release|Any CPU.ActiveCfg = Release|Any CPU
		{D9C8F1F1-2AB5-468C-94EC-6B75C5E1CF6A}.Release|Any CPU.Build.0 = Release|Any CPU
		{FC8F7EC3-34A6-4951-BA0E-2F7823520BE1}.Debug|Any CPU.ActiveCfg = Debug|Any CPU
		{FC8F7EC3-34A6-4951-BA0E-2F7823520BE1}.Debug|Any CPU.Build.0 = Debug|Any CPU
		{FC8F7EC3-34A6-4951-BA0E-2F7823520BE1}.Release|Any CPU.ActiveCfg = Release|Any CPU
		{FC8F7EC3-34A6-4951-BA0E-2F7823520BE1}.Release|Any CPU.Build.0 = Release|Any CPU
		{13474FB6-18C7-4461-8D59-CC2F33193C3F}.Debug|Any CPU.ActiveCfg = Debug|Any CPU
		{13474FB6-18C7-4461-8D59-CC2F33193C3F}.Debug|Any CPU.Build.0 = Debug|Any CPU
		{13474FB6-18C7-4461-8D59-CC2F33193C3F}.Release|Any CPU.ActiveCfg = Release|Any CPU
		{13474FB6-18C7-4461-8D59-CC2F33193C3F}.Release|Any CPU.Build.0 = Release|Any CPU
		{384666DD-45A4-4F80-8352-84B32EE20100}.Debug|Any CPU.ActiveCfg = Debug|Any CPU
		{384666DD-45A4-4F80-8352-84B32EE20100}.Debug|Any CPU.Build.0 = Debug|Any CPU
		{384666DD-45A4-4F80-8352-84B32EE20100}.Release|Any CPU.ActiveCfg = Release|Any CPU
		{384666DD-45A4-4F80-8352-84B32EE20100}.Release|Any CPU.Build.0 = Release|Any CPU
		{8650B228-AD03-4BC2-B1D3-DBDA236219E9}.Debug|Any CPU.ActiveCfg = Debug|Any CPU
		{8650B228-AD03-4BC2-B1D3-DBDA236219E9}.Debug|Any CPU.Build.0 = Debug|Any CPU
		{8650B228-AD03-4BC2-B1D3-DBDA236219E9}.Release|Any CPU.ActiveCfg = Release|Any CPU
		{8650B228-AD03-4BC2-B1D3-DBDA236219E9}.Release|Any CPU.Build.0 = Release|Any CPU
		{856C1D52-620B-4F9E-9966-9DF5AE6150DB}.Debug|Any CPU.ActiveCfg = Debug|Any CPU
		{856C1D52-620B-4F9E-9966-9DF5AE6150DB}.Debug|Any CPU.Build.0 = Debug|Any CPU
		{856C1D52-620B-4F9E-9966-9DF5AE6150DB}.Release|Any CPU.ActiveCfg = Release|Any CPU
		{856C1D52-620B-4F9E-9966-9DF5AE6150DB}.Release|Any CPU.Build.0 = Release|Any CPU
		{6EE835A0-82AB-4CD9-9901-EA8E7B6F9BF8}.Debug|Any CPU.ActiveCfg = Debug|Any CPU
		{6EE835A0-82AB-4CD9-9901-EA8E7B6F9BF8}.Debug|Any CPU.Build.0 = Debug|Any CPU
		{6EE835A0-82AB-4CD9-9901-EA8E7B6F9BF8}.Release|Any CPU.ActiveCfg = Release|Any CPU
		{6EE835A0-82AB-4CD9-9901-EA8E7B6F9BF8}.Release|Any CPU.Build.0 = Release|Any CPU
		{91D49D29-41E7-48C9-A39E-D5B48D3E1DAA}.Debug|Any CPU.ActiveCfg = Debug|Any CPU
		{91D49D29-41E7-48C9-A39E-D5B48D3E1DAA}.Debug|Any CPU.Build.0 = Debug|Any CPU
		{91D49D29-41E7-48C9-A39E-D5B48D3E1DAA}.Release|Any CPU.ActiveCfg = Release|Any CPU
		{91D49D29-41E7-48C9-A39E-D5B48D3E1DAA}.Release|Any CPU.Build.0 = Release|Any CPU
		{D49703B8-62C2-457D-9C1A-209B2DBE4F10}.Debug|Any CPU.ActiveCfg = Debug|Any CPU
		{D49703B8-62C2-457D-9C1A-209B2DBE4F10}.Debug|Any CPU.Build.0 = Debug|Any CPU
		{D49703B8-62C2-457D-9C1A-209B2DBE4F10}.Release|Any CPU.ActiveCfg = Release|Any CPU
		{D49703B8-62C2-457D-9C1A-209B2DBE4F10}.Release|Any CPU.Build.0 = Release|Any CPU
		{97846776-BEC8-42E5-A3A9-5E17E15176CF}.Debug|Any CPU.ActiveCfg = Debug|Any CPU
		{97846776-BEC8-42E5-A3A9-5E17E15176CF}.Debug|Any CPU.Build.0 = Debug|Any CPU
		{97846776-BEC8-42E5-A3A9-5E17E15176CF}.Release|Any CPU.ActiveCfg = Release|Any CPU
		{97846776-BEC8-42E5-A3A9-5E17E15176CF}.Release|Any CPU.Build.0 = Release|Any CPU
		{5B0000FF-FE8B-4E0A-B7D4-1D8346517BB2}.Debug|Any CPU.ActiveCfg = Debug|Any CPU
		{5B0000FF-FE8B-4E0A-B7D4-1D8346517BB2}.Debug|Any CPU.Build.0 = Debug|Any CPU
		{5B0000FF-FE8B-4E0A-B7D4-1D8346517BB2}.Release|Any CPU.ActiveCfg = Release|Any CPU
		{5B0000FF-FE8B-4E0A-B7D4-1D8346517BB2}.Release|Any CPU.Build.0 = Release|Any CPU
		{0C2CB090-8D9A-46B6-A9ED-7000D998CF08}.Debug|Any CPU.ActiveCfg = Debug|Any CPU
		{0C2CB090-8D9A-46B6-A9ED-7000D998CF08}.Debug|Any CPU.Build.0 = Debug|Any CPU
		{0C2CB090-8D9A-46B6-A9ED-7000D998CF08}.Release|Any CPU.ActiveCfg = Release|Any CPU
		{0C2CB090-8D9A-46B6-A9ED-7000D998CF08}.Release|Any CPU.Build.0 = Release|Any CPU
	EndGlobalSection
	GlobalSection(SolutionProperties) = preSolution
		HideSolutionNode = FALSE
	EndGlobalSection
	GlobalSection(NestedProjects) = preSolution
		{0BEA46FC-A60F-457C-A4F9-0B5116109D4F} = {541275F1-0057-4F2B-89AC-FABE2203ECB3}
		{00F77730-101D-47B6-BD2B-CD2FC7E712CD} = {BD7379B4-64BA-4AEC-87CE-DF6711A35A77}
		{90DBCD56-40B0-4988-A938-4FF323CC61A5} = {CABD359A-D224-4232-B2C2-52981DF413C3}
		{BB9665A8-70E5-442D-9381-7C2ED7E886CE} = {541275F1-0057-4F2B-89AC-FABE2203ECB3}
		{D9C8F1F1-2AB5-468C-94EC-6B75C5E1CF6A} = {BB9665A8-70E5-442D-9381-7C2ED7E886CE}
		{F2FC0145-6EE0-4980-B94D-03C4B2F74780} = {541275F1-0057-4F2B-89AC-FABE2203ECB3}
		{FC8F7EC3-34A6-4951-BA0E-2F7823520BE1} = {F2FC0145-6EE0-4980-B94D-03C4B2F74780}
		{FCE87468-DCE3-4A79-BCF6-89E06A9C269C} = {541275F1-0057-4F2B-89AC-FABE2203ECB3}
		{13474FB6-18C7-4461-8D59-CC2F33193C3F} = {FCE87468-DCE3-4A79-BCF6-89E06A9C269C}
		{384666DD-45A4-4F80-8352-84B32EE20100} = {0BEA46FC-A60F-457C-A4F9-0B5116109D4F}
		{F5CC453D-6B09-44E9-A25C-275FDFB55D6E} = {541275F1-0057-4F2B-89AC-FABE2203ECB3}
		{8650B228-AD03-4BC2-B1D3-DBDA236219E9} = {F5CC453D-6B09-44E9-A25C-275FDFB55D6E}
		{856C1D52-620B-4F9E-9966-9DF5AE6150DB} = {F5CC453D-6B09-44E9-A25C-275FDFB55D6E}
		{6EE835A0-82AB-4CD9-9901-EA8E7B6F9BF8} = {F5CC453D-6B09-44E9-A25C-275FDFB55D6E}
		{91D49D29-41E7-48C9-A39E-D5B48D3E1DAA} = {F5CC453D-6B09-44E9-A25C-275FDFB55D6E}
		{7DB9A681-BA55-4DF1-99B2-8ECF05A72853} = {541275F1-0057-4F2B-89AC-FABE2203ECB3}
		{D49703B8-62C2-457D-9C1A-209B2DBE4F10} = {7DB9A681-BA55-4DF1-99B2-8ECF05A72853}
		{97846776-BEC8-42E5-A3A9-5E17E15176CF} = {A05CE9F1-83DB-4A69-AA2D-598B31EAF97F}
		{5B0000FF-FE8B-4E0A-B7D4-1D8346517BB2} = {DC4DB715-5A71-4512-AE7C-9B7F371330DA}
		{0C2CB090-8D9A-46B6-A9ED-7000D998CF08} = {F5CC453D-6B09-44E9-A25C-275FDFB55D6E}
	EndGlobalSection
	GlobalSection(ExtensibilityGlobals) = postSolution
		SolutionGuid = {4C7E09D5-3589-4EE2-B52E-6D99FBC1DF50}
	EndGlobalSection
EndGlobal
